// !$*UTF8*$!
{
	archiveVersion = 1;
	classes = {
	};
	objectVersion = 56;
	objects = {

/* Begin PBXBuildFile section */
		644F8FF529D04AE60020A2F7 /* Camera_view_Controller.swift in Sources */ = {isa = PBXBuildFile; fileRef = 645B4D2829D045C500AD560C /* Camera_view_Controller.swift */; };
		645B4CFD29D043BD00AD560C /* AppDelegate.swift in Sources */ = {isa = PBXBuildFile; fileRef = 645B4CFC29D043BD00AD560C /* AppDelegate.swift */; };
		645B4D0429D043BD00AD560C /* Main.storyboard in Resources */ = {isa = PBXBuildFile; fileRef = 645B4D0229D043BD00AD560C /* Main.storyboard */; };
		645B4D0629D043BD00AD560C /* Assets.xcassets in Resources */ = {isa = PBXBuildFile; fileRef = 645B4D0529D043BD00AD560C /* Assets.xcassets */; };
		645B4D0929D043BD00AD560C /* LaunchScreen.storyboard in Resources */ = {isa = PBXBuildFile; fileRef = 645B4D0729D043BD00AD560C /* LaunchScreen.storyboard */; };
		645B4D1A29D043CE00AD560C /* SceneDelegate.swift in Sources */ = {isa = PBXBuildFile; fileRef = 645B4D1029D043CC00AD560C /* SceneDelegate.swift */; };
		645B4D1B29D043CE00AD560C /* makeMapViewController.swift in Sources */ = {isa = PBXBuildFile; fileRef = 645B4D1129D043CC00AD560C /* makeMapViewController.swift */; };
		645B4D1C29D043CE00AD560C /* MyObjectDetector 13.mlmodel in Sources */ = {isa = PBXBuildFile; fileRef = 645B4D1229D043CD00AD560C /* MyObjectDetector 13.mlmodel */; };
		645B4D1D29D043CE00AD560C /* setting_ViewController.swift in Sources */ = {isa = PBXBuildFile; fileRef = 645B4D1329D043CD00AD560C /* setting_ViewController.swift */; };
		645B4D1F29D043CE00AD560C /* Detector.swift in Sources */ = {isa = PBXBuildFile; fileRef = 645B4D1529D043CD00AD560C /* Detector.swift */; };
		645B4D2029D043CE00AD560C /* Log_view_TableViewController.swift in Sources */ = {isa = PBXBuildFile; fileRef = 645B4D1629D043CD00AD560C /* Log_view_TableViewController.swift */; };
		645B4D2329D043CE00AD560C /* Log_view_TableViewCell.swift in Sources */ = {isa = PBXBuildFile; fileRef = 645B4D1929D043CE00AD560C /* Log_view_TableViewCell.swift */; };
		645B4D2529D043E000AD560C /* custom_map_ViewController.swift in Sources */ = {isa = PBXBuildFile; fileRef = 645B4D2429D043E000AD560C /* custom_map_ViewController.swift */; };
		645B4D2A29D047BE00AD560C /* main_view_controller.swift in Sources */ = {isa = PBXBuildFile; fileRef = 645B4D1429D043CD00AD560C /* main_view_controller.swift */; };
		649C398929D71DED0049317B /* data_set.swift in Sources */ = {isa = PBXBuildFile; fileRef = 649C398829D71DED0049317B /* data_set.swift */; };
		649C398D29D72ACF0049317B /* next_custom_mapViewController.swift in Sources */ = {isa = PBXBuildFile; fileRef = 649C398C29D72ACF0049317B /* next_custom_mapViewController.swift */; };
/* End PBXBuildFile section */

/* Begin PBXFileReference section */
		645B4CF929D043BD00AD560C /* pklot_detector.app */ = {isa = PBXFileReference; explicitFileType = wrapper.application; includeInIndex = 0; path = pklot_detector.app; sourceTree = BUILT_PRODUCTS_DIR; };
		645B4CFC29D043BD00AD560C /* AppDelegate.swift */ = {isa = PBXFileReference; lastKnownFileType = sourcecode.swift; path = AppDelegate.swift; sourceTree = "<group>"; };
		645B4D0329D043BD00AD560C /* Base */ = {isa = PBXFileReference; lastKnownFileType = file.storyboard; name = Base; path = Base.lproj/Main.storyboard; sourceTree = "<group>"; };
		645B4D0529D043BD00AD560C /* Assets.xcassets */ = {isa = PBXFileReference; lastKnownFileType = folder.assetcatalog; path = Assets.xcassets; sourceTree = "<group>"; };
		645B4D0829D043BD00AD560C /* Base */ = {isa = PBXFileReference; lastKnownFileType = file.storyboard; name = Base; path = Base.lproj/LaunchScreen.storyboard; sourceTree = "<group>"; };
		645B4D0A29D043BD00AD560C /* Info.plist */ = {isa = PBXFileReference; lastKnownFileType = text.plist.xml; path = Info.plist; sourceTree = "<group>"; };
		645B4D1029D043CC00AD560C /* SceneDelegate.swift */ = {isa = PBXFileReference; fileEncoding = 4; lastKnownFileType = sourcecode.swift; name = SceneDelegate.swift; path = "../../무제 폴더 2/SceneDelegate.swift"; sourceTree = "<group>"; };
		645B4D1129D043CC00AD560C /* makeMapViewController.swift */ = {isa = PBXFileReference; fileEncoding = 4; lastKnownFileType = sourcecode.swift; path = makeMapViewController.swift; sourceTree = "<group>"; };
		645B4D1229D043CD00AD560C /* MyObjectDetector 13.mlmodel */ = {isa = PBXFileReference; lastKnownFileType = file.mlmodel; path = "MyObjectDetector 13.mlmodel"; sourceTree = "<group>"; };
		645B4D1329D043CD00AD560C /* setting_ViewController.swift */ = {isa = PBXFileReference; fileEncoding = 4; lastKnownFileType = sourcecode.swift; path = setting_ViewController.swift; sourceTree = "<group>"; };
		645B4D1429D043CD00AD560C /* main_view_controller.swift */ = {isa = PBXFileReference; fileEncoding = 4; lastKnownFileType = sourcecode.swift; path = main_view_controller.swift; sourceTree = "<group>"; };
		645B4D1529D043CD00AD560C /* Detector.swift */ = {isa = PBXFileReference; fileEncoding = 4; lastKnownFileType = sourcecode.swift; path = Detector.swift; sourceTree = "<group>"; };
		645B4D1629D043CD00AD560C /* Log_view_TableViewController.swift */ = {isa = PBXFileReference; fileEncoding = 4; lastKnownFileType = sourcecode.swift; path = Log_view_TableViewController.swift; sourceTree = "<group>"; };
		645B4D1929D043CE00AD560C /* Log_view_TableViewCell.swift */ = {isa = PBXFileReference; fileEncoding = 4; lastKnownFileType = sourcecode.swift; path = Log_view_TableViewCell.swift; sourceTree = "<group>"; };
		645B4D2429D043E000AD560C /* custom_map_ViewController.swift */ = {isa = PBXFileReference; fileEncoding = 4; lastKnownFileType = sourcecode.swift; path = custom_map_ViewController.swift; sourceTree = "<group>"; };
		645B4D2829D045C500AD560C /* Camera_view_Controller.swift */ = {isa = PBXFileReference; fileEncoding = 4; lastKnownFileType = sourcecode.swift; path = Camera_view_Controller.swift; sourceTree = "<group>"; };
		649C398829D71DED0049317B /* data_set.swift */ = {isa = PBXFileReference; lastKnownFileType = sourcecode.swift; path = data_set.swift; sourceTree = "<group>"; };
		649C398C29D72ACF0049317B /* next_custom_mapViewController.swift */ = {isa = PBXFileReference; lastKnownFileType = sourcecode.swift; path = next_custom_mapViewController.swift; sourceTree = "<group>"; };
/* End PBXFileReference section */

/* Begin PBXFrameworksBuildPhase section */
		645B4CF629D043BD00AD560C /* Frameworks */ = {
			isa = PBXFrameworksBuildPhase;
			buildActionMask = 2147483647;
			files = (
			);
			runOnlyForDeploymentPostprocessing = 0;
		};
/* End PBXFrameworksBuildPhase section */

/* Begin PBXGroup section */
		645B4CF029D043BD00AD560C = {
			isa = PBXGroup;
			children = (
				645B4CFB29D043BD00AD560C /* pklot_detector */,
				645B4CFA29D043BD00AD560C /* Products */,
			);
			sourceTree = "<group>";
		};
		645B4CFA29D043BD00AD560C /* Products */ = {
			isa = PBXGroup;
			children = (
				645B4CF929D043BD00AD560C /* pklot_detector.app */,
			);
			name = Products;
			sourceTree = "<group>";
		};
		645B4CFB29D043BD00AD560C /* pklot_detector */ = {
			isa = PBXGroup;
			children = (
				645B4CFC29D043BD00AD560C /* AppDelegate.swift */,
				649C398829D71DED0049317B /* data_set.swift */,
				645B4D1029D043CC00AD560C /* SceneDelegate.swift */,
				645B4D1429D043CD00AD560C /* main_view_controller.swift */,
				645B4D2829D045C500AD560C /* Camera_view_Controller.swift */,
				645B4D1529D043CD00AD560C /* Detector.swift */,
				645B4D1329D043CD00AD560C /* setting_ViewController.swift */,
				645B4D1629D043CD00AD560C /* Log_view_TableViewController.swift */,
				645B4D1929D043CE00AD560C /* Log_view_TableViewCell.swift */,
				645B4D2429D043E000AD560C /* custom_map_ViewController.swift */,
				649C398C29D72ACF0049317B /* next_custom_mapViewController.swift */,
				645B4D1129D043CC00AD560C /* makeMapViewController.swift */,
				645B4D1229D043CD00AD560C /* MyObjectDetector 13.mlmodel */,
				645B4D0529D043BD00AD560C /* Assets.xcassets */,
				645B4D0729D043BD00AD560C /* LaunchScreen.storyboard */,
				645B4D0229D043BD00AD560C /* Main.storyboard */,
				645B4D0A29D043BD00AD560C /* Info.plist */,
			);
			path = pklot_detector;
			sourceTree = "<group>";
		};
/* End PBXGroup section */

/* Begin PBXNativeTarget section */
		645B4CF829D043BD00AD560C /* pklot_detector */ = {
			isa = PBXNativeTarget;
			buildConfigurationList = 645B4D0D29D043BD00AD560C /* Build configuration list for PBXNativeTarget "pklot_detector" */;
			buildPhases = (
				645B4CF529D043BD00AD560C /* Sources */,
				645B4CF629D043BD00AD560C /* Frameworks */,
				645B4CF729D043BD00AD560C /* Resources */,
			);
			buildRules = (
			);
			dependencies = (
			);
			name = pklot_detector;
			productName = pklot_detector;
			productReference = 645B4CF929D043BD00AD560C /* pklot_detector.app */;
			productType = "com.apple.product-type.application";
		};
/* End PBXNativeTarget section */

/* Begin PBXProject section */
		645B4CF129D043BD00AD560C /* Project object */ = {
			isa = PBXProject;
			attributes = {
				BuildIndependentTargetsInParallel = 1;
				LastSwiftUpdateCheck = 1420;
				LastUpgradeCheck = 1420;
				TargetAttributes = {
					645B4CF829D043BD00AD560C = {
						CreatedOnToolsVersion = 14.2;
					};
				};
			};
			buildConfigurationList = 645B4CF429D043BD00AD560C /* Build configuration list for PBXProject "pklot_detector" */;
			compatibilityVersion = "Xcode 14.0";
			developmentRegion = en;
			hasScannedForEncodings = 0;
			knownRegions = (
				en,
				Base,
			);
			mainGroup = 645B4CF029D043BD00AD560C;
			productRefGroup = 645B4CFA29D043BD00AD560C /* Products */;
			projectDirPath = "";
			projectRoot = "";
			targets = (
				645B4CF829D043BD00AD560C /* pklot_detector */,
			);
		};
/* End PBXProject section */

/* Begin PBXResourcesBuildPhase section */
		645B4CF729D043BD00AD560C /* Resources */ = {
			isa = PBXResourcesBuildPhase;
			buildActionMask = 2147483647;
			files = (
				645B4D0929D043BD00AD560C /* LaunchScreen.storyboard in Resources */,
				645B4D0629D043BD00AD560C /* Assets.xcassets in Resources */,
				645B4D0429D043BD00AD560C /* Main.storyboard in Resources */,
			);
			runOnlyForDeploymentPostprocessing = 0;
		};
/* End PBXResourcesBuildPhase section */

/* Begin PBXSourcesBuildPhase section */
		645B4CF529D043BD00AD560C /* Sources */ = {
			isa = PBXSourcesBuildPhase;
			buildActionMask = 2147483647;
			files = (
				645B4D2529D043E000AD560C /* custom_map_ViewController.swift in Sources */,
				644F8FF529D04AE60020A2F7 /* Camera_view_Controller.swift in Sources */,
				649C398929D71DED0049317B /* data_set.swift in Sources */,
				645B4D1D29D043CE00AD560C /* setting_ViewController.swift in Sources */,
				645B4D2329D043CE00AD560C /* Log_view_TableViewCell.swift in Sources */,
				645B4CFD29D043BD00AD560C /* AppDelegate.swift in Sources */,
				645B4D2029D043CE00AD560C /* Log_view_TableViewController.swift in Sources */,
				649C398D29D72ACF0049317B /* next_custom_mapViewController.swift in Sources */,
				645B4D2A29D047BE00AD560C /* main_view_controller.swift in Sources */,
				645B4D1B29D043CE00AD560C /* makeMapViewController.swift in Sources */,
				645B4D1C29D043CE00AD560C /* MyObjectDetector 13.mlmodel in Sources */,
				645B4D1A29D043CE00AD560C /* SceneDelegate.swift in Sources */,
				645B4D1F29D043CE00AD560C /* Detector.swift in Sources */,
			);
			runOnlyForDeploymentPostprocessing = 0;
		};
/* End PBXSourcesBuildPhase section */

/* Begin PBXVariantGroup section */
		645B4D0229D043BD00AD560C /* Main.storyboard */ = {
			isa = PBXVariantGroup;
			children = (
				645B4D0329D043BD00AD560C /* Base */,
			);
			name = Main.storyboard;
			sourceTree = "<group>";
		};
		645B4D0729D043BD00AD560C /* LaunchScreen.storyboard */ = {
			isa = PBXVariantGroup;
			children = (
				645B4D0829D043BD00AD560C /* Base */,
			);
			name = LaunchScreen.storyboard;
			sourceTree = "<group>";
		};
/* End PBXVariantGroup section */

/* Begin XCBuildConfiguration section */
		645B4D0B29D043BD00AD560C /* Debug */ = {
			isa = XCBuildConfiguration;
			buildSettings = {
				ALWAYS_SEARCH_USER_PATHS = NO;
				CLANG_ANALYZER_NONNULL = YES;
				CLANG_ANALYZER_NUMBER_OBJECT_CONVERSION = YES_AGGRESSIVE;
				CLANG_CXX_LANGUAGE_STANDARD = "gnu++20";
				CLANG_ENABLE_MODULES = YES;
				CLANG_ENABLE_OBJC_ARC = YES;
				CLANG_ENABLE_OBJC_WEAK = YES;
				CLANG_WARN_BLOCK_CAPTURE_AUTORELEASING = YES;
				CLANG_WARN_BOOL_CONVERSION = YES;
				CLANG_WARN_COMMA = YES;
				CLANG_WARN_CONSTANT_CONVERSION = YES;
				CLANG_WARN_DEPRECATED_OBJC_IMPLEMENTATIONS = YES;
				CLANG_WARN_DIRECT_OBJC_ISA_USAGE = YES_ERROR;
				CLANG_WARN_DOCUMENTATION_COMMENTS = YES;
				CLANG_WARN_EMPTY_BODY = YES;
				CLANG_WARN_ENUM_CONVERSION = YES;
				CLANG_WARN_INFINITE_RECURSION = YES;
				CLANG_WARN_INT_CONVERSION = YES;
				CLANG_WARN_NON_LITERAL_NULL_CONVERSION = YES;
				CLANG_WARN_OBJC_IMPLICIT_RETAIN_SELF = YES;
				CLANG_WARN_OBJC_LITERAL_CONVERSION = YES;
				CLANG_WARN_OBJC_ROOT_CLASS = YES_ERROR;
				CLANG_WARN_QUOTED_INCLUDE_IN_FRAMEWORK_HEADER = YES;
				CLANG_WARN_RANGE_LOOP_ANALYSIS = YES;
				CLANG_WARN_STRICT_PROTOTYPES = YES;
				CLANG_WARN_SUSPICIOUS_MOVE = YES;
				CLANG_WARN_UNGUARDED_AVAILABILITY = YES_AGGRESSIVE;
				CLANG_WARN_UNREACHABLE_CODE = YES;
				CLANG_WARN__DUPLICATE_METHOD_MATCH = YES;
				COPY_PHASE_STRIP = NO;
				DEBUG_INFORMATION_FORMAT = dwarf;
				ENABLE_STRICT_OBJC_MSGSEND = YES;
				ENABLE_TESTABILITY = YES;
				GCC_C_LANGUAGE_STANDARD = gnu11;
				GCC_DYNAMIC_NO_PIC = NO;
				GCC_NO_COMMON_BLOCKS = YES;
				GCC_OPTIMIZATION_LEVEL = 0;
				GCC_PREPROCESSOR_DEFINITIONS = (
					"DEBUG=1",
					"$(inherited)",
				);
				GCC_WARN_64_TO_32_BIT_CONVERSION = YES;
				GCC_WARN_ABOUT_RETURN_TYPE = YES_ERROR;
				GCC_WARN_UNDECLARED_SELECTOR = YES;
				GCC_WARN_UNINITIALIZED_AUTOS = YES_AGGRESSIVE;
				GCC_WARN_UNUSED_FUNCTION = YES;
				GCC_WARN_UNUSED_VARIABLE = YES;
				IPHONEOS_DEPLOYMENT_TARGET = 16.2;
				MTL_ENABLE_DEBUG_INFO = INCLUDE_SOURCE;
				MTL_FAST_MATH = YES;
				ONLY_ACTIVE_ARCH = YES;
				SDKROOT = iphoneos;
				SWIFT_ACTIVE_COMPILATION_CONDITIONS = DEBUG;
				SWIFT_OPTIMIZATION_LEVEL = "-Onone";
			};
			name = Debug;
		};
		645B4D0C29D043BD00AD560C /* Release */ = {
			isa = XCBuildConfiguration;
			buildSettings = {
				ALWAYS_SEARCH_USER_PATHS = NO;
				CLANG_ANALYZER_NONNULL = YES;
				CLANG_ANALYZER_NUMBER_OBJECT_CONVERSION = YES_AGGRESSIVE;
				CLANG_CXX_LANGUAGE_STANDARD = "gnu++20";
				CLANG_ENABLE_MODULES = YES;
				CLANG_ENABLE_OBJC_ARC = YES;
				CLANG_ENABLE_OBJC_WEAK = YES;
				CLANG_WARN_BLOCK_CAPTURE_AUTORELEASING = YES;
				CLANG_WARN_BOOL_CONVERSION = YES;
				CLANG_WARN_COMMA = YES;
				CLANG_WARN_CONSTANT_CONVERSION = YES;
				CLANG_WARN_DEPRECATED_OBJC_IMPLEMENTATIONS = YES;
				CLANG_WARN_DIRECT_OBJC_ISA_USAGE = YES_ERROR;
				CLANG_WARN_DOCUMENTATION_COMMENTS = YES;
				CLANG_WARN_EMPTY_BODY = YES;
				CLANG_WARN_ENUM_CONVERSION = YES;
				CLANG_WARN_INFINITE_RECURSION = YES;
				CLANG_WARN_INT_CONVERSION = YES;
				CLANG_WARN_NON_LITERAL_NULL_CONVERSION = YES;
				CLANG_WARN_OBJC_IMPLICIT_RETAIN_SELF = YES;
				CLANG_WARN_OBJC_LITERAL_CONVERSION = YES;
				CLANG_WARN_OBJC_ROOT_CLASS = YES_ERROR;
				CLANG_WARN_QUOTED_INCLUDE_IN_FRAMEWORK_HEADER = YES;
				CLANG_WARN_RANGE_LOOP_ANALYSIS = YES;
				CLANG_WARN_STRICT_PROTOTYPES = YES;
				CLANG_WARN_SUSPICIOUS_MOVE = YES;
				CLANG_WARN_UNGUARDED_AVAILABILITY = YES_AGGRESSIVE;
				CLANG_WARN_UNREACHABLE_CODE = YES;
				CLANG_WARN__DUPLICATE_METHOD_MATCH = YES;
				COPY_PHASE_STRIP = NO;
				DEBUG_INFORMATION_FORMAT = "dwarf-with-dsym";
				ENABLE_NS_ASSERTIONS = NO;
				ENABLE_STRICT_OBJC_MSGSEND = YES;
				GCC_C_LANGUAGE_STANDARD = gnu11;
				GCC_NO_COMMON_BLOCKS = YES;
				GCC_WARN_64_TO_32_BIT_CONVERSION = YES;
				GCC_WARN_ABOUT_RETURN_TYPE = YES_ERROR;
				GCC_WARN_UNDECLARED_SELECTOR = YES;
				GCC_WARN_UNINITIALIZED_AUTOS = YES_AGGRESSIVE;
				GCC_WARN_UNUSED_FUNCTION = YES;
				GCC_WARN_UNUSED_VARIABLE = YES;
				IPHONEOS_DEPLOYMENT_TARGET = 16.2;
				MTL_ENABLE_DEBUG_INFO = NO;
				MTL_FAST_MATH = YES;
				SDKROOT = iphoneos;
				SWIFT_COMPILATION_MODE = wholemodule;
				SWIFT_OPTIMIZATION_LEVEL = "-O";
				VALIDATE_PRODUCT = YES;
			};
			name = Release;
		};
		645B4D0E29D043BD00AD560C /* Debug */ = {
			isa = XCBuildConfiguration;
			buildSettings = {
				ASSETCATALOG_COMPILER_APPICON_NAME = AppIcon;
				ASSETCATALOG_COMPILER_GLOBAL_ACCENT_COLOR_NAME = AccentColor;
				CODE_SIGN_STYLE = Automatic;
				CURRENT_PROJECT_VERSION = 1;
				DEVELOPMENT_TEAM = 34RWWTZRHY;
				GENERATE_INFOPLIST_FILE = YES;
				INFOPLIST_FILE = pklot_detector/Info.plist;
				INFOPLIST_KEY_NSCameraUsageDescription = "";
				INFOPLIST_KEY_NSPhotoLibraryUsageDescription = "";
				INFOPLIST_KEY_UIApplicationSupportsIndirectInputEvents = YES;
				INFOPLIST_KEY_UILaunchStoryboardName = LaunchScreen;
				INFOPLIST_KEY_UIMainStoryboardFile = "";
				INFOPLIST_KEY_UISupportedInterfaceOrientations_iPad = "UIInterfaceOrientationPortrait UIInterfaceOrientationPortraitUpsideDown UIInterfaceOrientationLandscapeLeft UIInterfaceOrientationLandscapeRight";
				INFOPLIST_KEY_UISupportedInterfaceOrientations_iPhone = "UIInterfaceOrientationPortrait UIInterfaceOrientationLandscapeLeft UIInterfaceOrientationLandscapeRight";
				LD_RUNPATH_SEARCH_PATHS = (
					"$(inherited)",
					"@executable_path/Frameworks",
				);
				MARKETING_VERSION = 1.0;
				PRODUCT_BUNDLE_IDENTIFIER = "test.pklot-detector";
				PRODUCT_NAME = "$(TARGET_NAME)";
				SWIFT_EMIT_LOC_STRINGS = YES;
				SWIFT_VERSION = 5.0;
				TARGETED_DEVICE_FAMILY = "1,2";
			};
			name = Debug;
		};
		645B4D0F29D043BD00AD560C /* Release */ = {
			isa = XCBuildConfiguration;
			buildSettings = {
				ASSETCATALOG_COMPILER_APPICON_NAME = AppIcon;
				ASSETCATALOG_COMPILER_GLOBAL_ACCENT_COLOR_NAME = AccentColor;
				CODE_SIGN_STYLE = Automatic;
				CURRENT_PROJECT_VERSION = 1;
				DEVELOPMENT_TEAM = 34RWWTZRHY;
				GENERATE_INFOPLIST_FILE = YES;
				INFOPLIST_FILE = pklot_detector/Info.plist;
				INFOPLIST_KEY_NSCameraUsageDescription = "";
				INFOPLIST_KEY_NSPhotoLibraryUsageDescription = "";
				INFOPLIST_KEY_UIApplicationSupportsIndirectInputEvents = YES;
				INFOPLIST_KEY_UILaunchStoryboardName = LaunchScreen;
				INFOPLIST_KEY_UIMainStoryboardFile = "";
				INFOPLIST_KEY_UISupportedInterfaceOrientations_iPad = "UIInterfaceOrientationPortrait UIInterfaceOrientationPortraitUpsideDown UIInterfaceOrientationLandscapeLeft UIInterfaceOrientationLandscapeRight";
				INFOPLIST_KEY_UISupportedInterfaceOrientations_iPhone = "UIInterfaceOrientationPortrait UIInterfaceOrientationLandscapeLeft UIInterfaceOrientationLandscapeRight";
				LD_RUNPATH_SEARCH_PATHS = (
					"$(inherited)",
					"@executable_path/Frameworks",
				);
				MARKETING_VERSION = 1.0;
				PRODUCT_BUNDLE_IDENTIFIER = "test.pklot-detector";
				PRODUCT_NAME = "$(TARGET_NAME)";
				SWIFT_EMIT_LOC_STRINGS = YES;
				SWIFT_VERSION = 5.0;
				TARGETED_DEVICE_FAMILY = "1,2";
			};
			name = Release;
		};
/* End XCBuildConfiguration section */

/* Begin XCConfigurationList section */
		645B4CF429D043BD00AD560C /* Build configuration list for PBXProject "pklot_detector" */ = {
			isa = XCConfigurationList;
			buildConfigurations = (
				645B4D0B29D043BD00AD560C /* Debug */,
				645B4D0C29D043BD00AD560C /* Release */,
			);
			defaultConfigurationIsVisible = 0;
			defaultConfigurationName = Release;
		};
		645B4D0D29D043BD00AD560C /* Build configuration list for PBXNativeTarget "pklot_detector" */ = {
			isa = XCConfigurationList;
			buildConfigurations = (
				645B4D0E29D043BD00AD560C /* Debug */,
				645B4D0F29D043BD00AD560C /* Release */,
			);
			defaultConfigurationIsVisible = 0;
			defaultConfigurationName = Release;
		};
/* End XCConfigurationList section */
	};
	rootObject = 645B4CF129D043BD00AD560C /* Project object */;
}
